// !$*UTF8*$!
{
	archiveVersion = 1;
	classes = {
	};
	objectVersion = 50;
	objects = {

/* Begin PBXBuildFile section */
		CA2E5626255329550003B300 /* AppDelegate.swift in Sources */ = {isa = PBXBuildFile; fileRef = CA2E5625255329550003B300 /* AppDelegate.swift */; };
		CA2E5628255329550003B300 /* SceneDelegate.swift in Sources */ = {isa = PBXBuildFile; fileRef = CA2E5627255329550003B300 /* SceneDelegate.swift */; };
		CA2E562A255329550003B300 /* ViewController.swift in Sources */ = {isa = PBXBuildFile; fileRef = CA2E5629255329550003B300 /* ViewController.swift */; };
		CA2E562D255329550003B300 /* Main.storyboard in Resources */ = {isa = PBXBuildFile; fileRef = CA2E562B255329550003B300 /* Main.storyboard */; };
		CA2E562F255329580003B300 /* Assets.xcassets in Resources */ = {isa = PBXBuildFile; fileRef = CA2E562E255329580003B300 /* Assets.xcassets */; };
		CA2E5632255329580003B300 /* LaunchScreen.storyboard in Resources */ = {isa = PBXBuildFile; fileRef = CA2E5630255329580003B300 /* LaunchScreen.storyboard */; };
		CA2E563D255329580003B300 /* CalculatorAppTests.swift in Sources */ = {isa = PBXBuildFile; fileRef = CA2E563C255329580003B300 /* CalculatorAppTests.swift */; };
		CA2E5648255329580003B300 /* CalculatorAppUITests.swift in Sources */ = {isa = PBXBuildFile; fileRef = CA2E5647255329580003B300 /* CalculatorAppUITests.swift */; };
/* End PBXBuildFile section */

/* Begin PBXContainerItemProxy section */
		CA2E5639255329580003B300 /* PBXContainerItemProxy */ = {
			isa = PBXContainerItemProxy;
			containerPortal = CA2E561A255329550003B300 /* Project object */;
			proxyType = 1;
			remoteGlobalIDString = CA2E5621255329550003B300;
			remoteInfo = CalculatorApp;
		};
		CA2E5644255329580003B300 /* PBXContainerItemProxy */ = {
			isa = PBXContainerItemProxy;
			containerPortal = CA2E561A255329550003B300 /* Project object */;
			proxyType = 1;
			remoteGlobalIDString = CA2E5621255329550003B300;
			remoteInfo = CalculatorApp;
		};
/* End PBXContainerItemProxy section */

/* Begin PBXFileReference section */
		CA2E5622255329550003B300 /* CalculatorApp.app */ = {isa = PBXFileReference; explicitFileType = wrapper.application; includeInIndex = 0; path = CalculatorApp.app; sourceTree = BUILT_PRODUCTS_DIR; };
		CA2E5625255329550003B300 /* AppDelegate.swift */ = {isa = PBXFileReference; lastKnownFileType = sourcecode.swift; path = AppDelegate.swift; sourceTree = "<group>"; };
		CA2E5627255329550003B300 /* SceneDelegate.swift */ = {isa = PBXFileReference; lastKnownFileType = sourcecode.swift; path = SceneDelegate.swift; sourceTree = "<group>"; };
		CA2E5629255329550003B300 /* ViewController.swift */ = {isa = PBXFileReference; lastKnownFileType = sourcecode.swift; path = ViewController.swift; sourceTree = "<group>"; };
		CA2E562C255329550003B300 /* Base */ = {isa = PBXFileReference; lastKnownFileType = file.storyboard; name = Base; path = Base.lproj/Main.storyboard; sourceTree = "<group>"; };
		CA2E562E255329580003B300 /* Assets.xcassets */ = {isa = PBXFileReference; lastKnownFileType = folder.assetcatalog; path = Assets.xcassets; sourceTree = "<group>"; };
		CA2E5631255329580003B300 /* Base */ = {isa = PBXFileReference; lastKnownFileType = file.storyboard; name = Base; path = Base.lproj/LaunchScreen.storyboard; sourceTree = "<group>"; };
		CA2E5633255329580003B300 /* Info.plist */ = {isa = PBXFileReference; lastKnownFileType = text.plist.xml; path = Info.plist; sourceTree = "<group>"; };
		CA2E5638255329580003B300 /* CalculatorAppTests.xctest */ = {isa = PBXFileReference; explicitFileType = wrapper.cfbundle; includeInIndex = 0; path = CalculatorAppTests.xctest; sourceTree = BUILT_PRODUCTS_DIR; };
		CA2E563C255329580003B300 /* CalculatorAppTests.swift */ = {isa = PBXFileReference; lastKnownFileType = sourcecode.swift; path = CalculatorAppTests.swift; sourceTree = "<group>"; };
		CA2E563E255329580003B300 /* Info.plist */ = {isa = PBXFileReference; lastKnownFileType = text.plist.xml; path = Info.plist; sourceTree = "<group>"; };
		CA2E5643255329580003B300 /* CalculatorAppUITests.xctest */ = {isa = PBXFileReference; explicitFileType = wrapper.cfbundle; includeInIndex = 0; path = CalculatorAppUITests.xctest; sourceTree = BUILT_PRODUCTS_DIR; };
		CA2E5647255329580003B300 /* CalculatorAppUITests.swift */ = {isa = PBXFileReference; lastKnownFileType = sourcecode.swift; path = CalculatorAppUITests.swift; sourceTree = "<group>"; };
		CA2E5649255329580003B300 /* Info.plist */ = {isa = PBXFileReference; lastKnownFileType = text.plist.xml; path = Info.plist; sourceTree = "<group>"; };
/* End PBXFileReference section */

/* Begin PBXFrameworksBuildPhase section */
		CA2E561F255329550003B300 /* Frameworks */ = {
			isa = PBXFrameworksBuildPhase;
			buildActionMask = 2147483647;
			files = (
			);
			runOnlyForDeploymentPostprocessing = 0;
		};
		CA2E5635255329580003B300 /* Frameworks */ = {
			isa = PBXFrameworksBuildPhase;
			buildActionMask = 2147483647;
			files = (
			);
			runOnlyForDeploymentPostprocessing = 0;
		};
		CA2E5640255329580003B300 /* Frameworks */ = {
			isa = PBXFrameworksBuildPhase;
			buildActionMask = 2147483647;
			files = (
			);
			runOnlyForDeploymentPostprocessing = 0;
		};
/* End PBXFrameworksBuildPhase section */

/* Begin PBXGroup section */
		CA2E5619255329550003B300 = {
			isa = PBXGroup;
			children = (
				CA2E5624255329550003B300 /* CalculatorApp */,
				CA2E563B255329580003B300 /* CalculatorAppTests */,
				CA2E5646255329580003B300 /* CalculatorAppUITests */,
				CA2E5623255329550003B300 /* Products */,
			);
			sourceTree = "<group>";
		};
		CA2E5623255329550003B300 /* Products */ = {
			isa = PBXGroup;
			children = (
				CA2E5622255329550003B300 /* CalculatorApp.app */,
				CA2E5638255329580003B300 /* CalculatorAppTests.xctest */,
				CA2E5643255329580003B300 /* CalculatorAppUITests.xctest */,
			);
			name = Products;
			sourceTree = "<group>";
		};
		CA2E5624255329550003B300 /* CalculatorApp */ = {
			isa = PBXGroup;
			children = (
				CA2E5625255329550003B300 /* AppDelegate.swift */,
				CA2E5627255329550003B300 /* SceneDelegate.swift */,
				CA2E5629255329550003B300 /* ViewController.swift */,
				CA2E562B255329550003B300 /* Main.storyboard */,
				CA2E562E255329580003B300 /* Assets.xcassets */,
				CA2E5630255329580003B300 /* LaunchScreen.storyboard */,
				CA2E5633255329580003B300 /* Info.plist */,
			);
			path = CalculatorApp;
			sourceTree = "<group>";
		};
		CA2E563B255329580003B300 /* CalculatorAppTests */ = {
			isa = PBXGroup;
			children = (
				CA2E563C255329580003B300 /* CalculatorAppTests.swift */,
				CA2E563E255329580003B300 /* Info.plist */,
			);
			path = CalculatorAppTests;
			sourceTree = "<group>";
		};
		CA2E5646255329580003B300 /* CalculatorAppUITests */ = {
			isa = PBXGroup;
			children = (
				CA2E5647255329580003B300 /* CalculatorAppUITests.swift */,
				CA2E5649255329580003B300 /* Info.plist */,
			);
			path = CalculatorAppUITests;
			sourceTree = "<group>";
		};
/* End PBXGroup section */

/* Begin PBXNativeTarget section */
		CA2E5621255329550003B300 /* CalculatorApp */ = {
			isa = PBXNativeTarget;
			buildConfigurationList = CA2E564C255329580003B300 /* Build configuration list for PBXNativeTarget "CalculatorApp" */;
			buildPhases = (
				CA2E561E255329550003B300 /* Sources */,
				CA2E561F255329550003B300 /* Frameworks */,
				CA2E5620255329550003B300 /* Resources */,
			);
			buildRules = (
			);
			dependencies = (
			);
			name = CalculatorApp;
			productName = CalculatorApp;
			productReference = CA2E5622255329550003B300 /* CalculatorApp.app */;
			productType = "com.apple.product-type.application";
		};
		CA2E5637255329580003B300 /* CalculatorAppTests */ = {
			isa = PBXNativeTarget;
			buildConfigurationList = CA2E564F255329580003B300 /* Build configuration list for PBXNativeTarget "CalculatorAppTests" */;
			buildPhases = (
				CA2E5634255329580003B300 /* Sources */,
				CA2E5635255329580003B300 /* Frameworks */,
				CA2E5636255329580003B300 /* Resources */,
			);
			buildRules = (
			);
			dependencies = (
				CA2E563A255329580003B300 /* PBXTargetDependency */,
			);
			name = CalculatorAppTests;
			productName = CalculatorAppTests;
			productReference = CA2E5638255329580003B300 /* CalculatorAppTests.xctest */;
			productType = "com.apple.product-type.bundle.unit-test";
		};
		CA2E5642255329580003B300 /* CalculatorAppUITests */ = {
			isa = PBXNativeTarget;
			buildConfigurationList = CA2E5652255329580003B300 /* Build configuration list for PBXNativeTarget "CalculatorAppUITests" */;
			buildPhases = (
				CA2E563F255329580003B300 /* Sources */,
				CA2E5640255329580003B300 /* Frameworks */,
				CA2E5641255329580003B300 /* Resources */,
			);
			buildRules = (
			);
			dependencies = (
				CA2E5645255329580003B300 /* PBXTargetDependency */,
			);
			name = CalculatorAppUITests;
			productName = CalculatorAppUITests;
			productReference = CA2E5643255329580003B300 /* CalculatorAppUITests.xctest */;
			productType = "com.apple.product-type.bundle.ui-testing";
		};
/* End PBXNativeTarget section */

/* Begin PBXProject section */
		CA2E561A255329550003B300 /* Project object */ = {
			isa = PBXProject;
			attributes = {
				LastSwiftUpdateCheck = 1200;
				LastUpgradeCheck = 1200;
				TargetAttributes = {
					CA2E5621255329550003B300 = {
						CreatedOnToolsVersion = 12.0;
					};
					CA2E5637255329580003B300 = {
						CreatedOnToolsVersion = 12.0;
						TestTargetID = CA2E5621255329550003B300;
					};
					CA2E5642255329580003B300 = {
						CreatedOnToolsVersion = 12.0;
						TestTargetID = CA2E5621255329550003B300;
					};
				};
			};
			buildConfigurationList = CA2E561D255329550003B300 /* Build configuration list for PBXProject "CalculatorApp" */;
			compatibilityVersion = "Xcode 9.3";
			developmentRegion = en;
			hasScannedForEncodings = 0;
			knownRegions = (
				en,
				Base,
			);
			mainGroup = CA2E5619255329550003B300;
			productRefGroup = CA2E5623255329550003B300 /* Products */;
			projectDirPath = "";
			projectRoot = "";
			targets = (
				CA2E5621255329550003B300 /* CalculatorApp */,
				CA2E5637255329580003B300 /* CalculatorAppTests */,
				CA2E5642255329580003B300 /* CalculatorAppUITests */,
			);
		};
/* End PBXProject section */

/* Begin PBXResourcesBuildPhase section */
		CA2E5620255329550003B300 /* Resources */ = {
			isa = PBXResourcesBuildPhase;
			buildActionMask = 2147483647;
			files = (
				CA2E5632255329580003B300 /* LaunchScreen.storyboard in Resources */,
				CA2E562F255329580003B300 /* Assets.xcassets in Resources */,
				CA2E562D255329550003B300 /* Main.storyboard in Resources */,
			);
			runOnlyForDeploymentPostprocessing = 0;
		};
		CA2E5636255329580003B300 /* Resources */ = {
			isa = PBXResourcesBuildPhase;
			buildActionMask = 2147483647;
			files = (
			);
			runOnlyForDeploymentPostprocessing = 0;
		};
		CA2E5641255329580003B300 /* Resources */ = {
			isa = PBXResourcesBuildPhase;
			buildActionMask = 2147483647;
			files = (
			);
			runOnlyForDeploymentPostprocessing = 0;
		};
/* End PBXResourcesBuildPhase section */

/* Begin PBXSourcesBuildPhase section */
		CA2E561E255329550003B300 /* Sources */ = {
			isa = PBXSourcesBuildPhase;
			buildActionMask = 2147483647;
			files = (
				CA2E562A255329550003B300 /* ViewController.swift in Sources */,
				CA2E5626255329550003B300 /* AppDelegate.swift in Sources */,
				CA2E5628255329550003B300 /* SceneDelegate.swift in Sources */,
			);
			runOnlyForDeploymentPostprocessing = 0;
		};
		CA2E5634255329580003B300 /* Sources */ = {
			isa = PBXSourcesBuildPhase;
			buildActionMask = 2147483647;
			files = (
				CA2E563D255329580003B300 /* CalculatorAppTests.swift in Sources */,
			);
			runOnlyForDeploymentPostprocessing = 0;
		};
		CA2E563F255329580003B300 /* Sources */ = {
			isa = PBXSourcesBuildPhase;
			buildActionMask = 2147483647;
			files = (
				CA2E5648255329580003B300 /* CalculatorAppUITests.swift in Sources */,
			);
			runOnlyForDeploymentPostprocessing = 0;
		};
/* End PBXSourcesBuildPhase section */

/* Begin PBXTargetDependency section */
		CA2E563A255329580003B300 /* PBXTargetDependency */ = {
			isa = PBXTargetDependency;
			target = CA2E5621255329550003B300 /* CalculatorApp */;
			targetProxy = CA2E5639255329580003B300 /* PBXContainerItemProxy */;
		};
		CA2E5645255329580003B300 /* PBXTargetDependency */ = {
			isa = PBXTargetDependency;
			target = CA2E5621255329550003B300 /* CalculatorApp */;
			targetProxy = CA2E5644255329580003B300 /* PBXContainerItemProxy */;
		};
/* End PBXTargetDependency section */

/* Begin PBXVariantGroup section */
		CA2E562B255329550003B300 /* Main.storyboard */ = {
			isa = PBXVariantGroup;
			children = (
				CA2E562C255329550003B300 /* Base */,
			);
			name = Main.storyboard;
			sourceTree = "<group>";
		};
		CA2E5630255329580003B300 /* LaunchScreen.storyboard */ = {
			isa = PBXVariantGroup;
			children = (
				CA2E5631255329580003B300 /* Base */,
			);
			name = LaunchScreen.storyboard;
			sourceTree = "<group>";
		};
/* End PBXVariantGroup section */

/* Begin XCBuildConfiguration section */
		CA2E564A255329580003B300 /* Debug */ = {
			isa = XCBuildConfiguration;
			buildSettings = {
				ALWAYS_SEARCH_USER_PATHS = NO;
				CLANG_ANALYZER_NONNULL = YES;
				CLANG_ANALYZER_NUMBER_OBJECT_CONVERSION = YES_AGGRESSIVE;
				CLANG_CXX_LANGUAGE_STANDARD = "gnu++14";
				CLANG_CXX_LIBRARY = "libc++";
				CLANG_ENABLE_MODULES = YES;
				CLANG_ENABLE_OBJC_ARC = YES;
				CLANG_ENABLE_OBJC_WEAK = YES;
				CLANG_WARN_BLOCK_CAPTURE_AUTORELEASING = YES;
				CLANG_WARN_BOOL_CONVERSION = YES;
				CLANG_WARN_COMMA = YES;
				CLANG_WARN_CONSTANT_CONVERSION = YES;
				CLANG_WARN_DEPRECATED_OBJC_IMPLEMENTATIONS = YES;
				CLANG_WARN_DIRECT_OBJC_ISA_USAGE = YES_ERROR;
				CLANG_WARN_DOCUMENTATION_COMMENTS = YES;
				CLANG_WARN_EMPTY_BODY = YES;
				CLANG_WARN_ENUM_CONVERSION = YES;
				CLANG_WARN_INFINITE_RECURSION = YES;
				CLANG_WARN_INT_CONVERSION = YES;
				CLANG_WARN_NON_LITERAL_NULL_CONVERSION = YES;
				CLANG_WARN_OBJC_IMPLICIT_RETAIN_SELF = YES;
				CLANG_WARN_OBJC_LITERAL_CONVERSION = YES;
				CLANG_WARN_OBJC_ROOT_CLASS = YES_ERROR;
				CLANG_WARN_QUOTED_INCLUDE_IN_FRAMEWORK_HEADER = YES;
				CLANG_WARN_RANGE_LOOP_ANALYSIS = YES;
				CLANG_WARN_STRICT_PROTOTYPES = YES;
				CLANG_WARN_SUSPICIOUS_MOVE = YES;
				CLANG_WARN_UNGUARDED_AVAILABILITY = YES_AGGRESSIVE;
				CLANG_WARN_UNREACHABLE_CODE = YES;
				CLANG_WARN__DUPLICATE_METHOD_MATCH = YES;
				COPY_PHASE_STRIP = NO;
				DEBUG_INFORMATION_FORMAT = dwarf;
				ENABLE_STRICT_OBJC_MSGSEND = YES;
				ENABLE_TESTABILITY = YES;
				GCC_C_LANGUAGE_STANDARD = gnu11;
				GCC_DYNAMIC_NO_PIC = NO;
				GCC_NO_COMMON_BLOCKS = YES;
				GCC_OPTIMIZATION_LEVEL = 0;
				GCC_PREPROCESSOR_DEFINITIONS = (
					"DEBUG=1",
					"$(inherited)",
				);
				GCC_WARN_64_TO_32_BIT_CONVERSION = YES;
				GCC_WARN_ABOUT_RETURN_TYPE = YES_ERROR;
				GCC_WARN_UNDECLARED_SELECTOR = YES;
				GCC_WARN_UNINITIALIZED_AUTOS = YES_AGGRESSIVE;
				GCC_WARN_UNUSED_FUNCTION = YES;
				GCC_WARN_UNUSED_VARIABLE = YES;
				IPHONEOS_DEPLOYMENT_TARGET = 14.0;
				MTL_ENABLE_DEBUG_INFO = INCLUDE_SOURCE;
				MTL_FAST_MATH = YES;
				ONLY_ACTIVE_ARCH = YES;
				SDKROOT = iphoneos;
				SWIFT_ACTIVE_COMPILATION_CONDITIONS = DEBUG;
				SWIFT_OPTIMIZATION_LEVEL = "-Onone";
			};
			name = Debug;
		};
		CA2E564B255329580003B300 /* Release */ = {
			isa = XCBuildConfiguration;
			buildSettings = {
				ALWAYS_SEARCH_USER_PATHS = NO;
				CLANG_ANALYZER_NONNULL = YES;
				CLANG_ANALYZER_NUMBER_OBJECT_CONVERSION = YES_AGGRESSIVE;
				CLANG_CXX_LANGUAGE_STANDARD = "gnu++14";
				CLANG_CXX_LIBRARY = "libc++";
				CLANG_ENABLE_MODULES = YES;
				CLANG_ENABLE_OBJC_ARC = YES;
				CLANG_ENABLE_OBJC_WEAK = YES;
				CLANG_WARN_BLOCK_CAPTURE_AUTORELEASING = YES;
				CLANG_WARN_BOOL_CONVERSION = YES;
				CLANG_WARN_COMMA = YES;
				CLANG_WARN_CONSTANT_CONVERSION = YES;
				CLANG_WARN_DEPRECATED_OBJC_IMPLEMENTATIONS = YES;
				CLANG_WARN_DIRECT_OBJC_ISA_USAGE = YES_ERROR;
				CLANG_WARN_DOCUMENTATION_COMMENTS = YES;
				CLANG_WARN_EMPTY_BODY = YES;
				CLANG_WARN_ENUM_CONVERSION = YES;
				CLANG_WARN_INFINITE_RECURSION = YES;
				CLANG_WARN_INT_CONVERSION = YES;
				CLANG_WARN_NON_LITERAL_NULL_CONVERSION = YES;
				CLANG_WARN_OBJC_IMPLICIT_RETAIN_SELF = YES;
				CLANG_WARN_OBJC_LITERAL_CONVERSION = YES;
				CLANG_WARN_OBJC_ROOT_CLASS = YES_ERROR;
				CLANG_WARN_QUOTED_INCLUDE_IN_FRAMEWORK_HEADER = YES;
				CLANG_WARN_RANGE_LOOP_ANALYSIS = YES;
				CLANG_WARN_STRICT_PROTOTYPES = YES;
				CLANG_WARN_SUSPICIOUS_MOVE = YES;
				CLANG_WARN_UNGUARDED_AVAILABILITY = YES_AGGRESSIVE;
				CLANG_WARN_UNREACHABLE_CODE = YES;
				CLANG_WARN__DUPLICATE_METHOD_MATCH = YES;
				COPY_PHASE_STRIP = NO;
				DEBUG_INFORMATION_FORMAT = "dwarf-with-dsym";
				ENABLE_NS_ASSERTIONS = NO;
				ENABLE_STRICT_OBJC_MSGSEND = YES;
				GCC_C_LANGUAGE_STANDARD = gnu11;
				GCC_NO_COMMON_BLOCKS = YES;
				GCC_WARN_64_TO_32_BIT_CONVERSION = YES;
				GCC_WARN_ABOUT_RETURN_TYPE = YES_ERROR;
				GCC_WARN_UNDECLARED_SELECTOR = YES;
				GCC_WARN_UNINITIALIZED_AUTOS = YES_AGGRESSIVE;
				GCC_WARN_UNUSED_FUNCTION = YES;
				GCC_WARN_UNUSED_VARIABLE = YES;
				IPHONEOS_DEPLOYMENT_TARGET = 14.0;
				MTL_ENABLE_DEBUG_INFO = NO;
				MTL_FAST_MATH = YES;
				SDKROOT = iphoneos;
				SWIFT_COMPILATION_MODE = wholemodule;
				SWIFT_OPTIMIZATION_LEVEL = "-O";
				VALIDATE_PRODUCT = YES;
			};
			name = Release;
		};
		CA2E564D255329580003B300 /* Debug */ = {
			isa = XCBuildConfiguration;
			buildSettings = {
				ASSETCATALOG_COMPILER_APPICON_NAME = AppIcon;
				ASSETCATALOG_COMPILER_GLOBAL_ACCENT_COLOR_NAME = AccentColor;
				CODE_SIGN_STYLE = Automatic;
				DEVELOPMENT_TEAM = C4RFALAB5D;
				INFOPLIST_FILE = CalculatorApp/Info.plist;
				LD_RUNPATH_SEARCH_PATHS = (
					"$(inherited)",
					"@executable_path/Frameworks",
				);
				PRODUCT_BUNDLE_IDENTIFIER = com.brandonjenniges.CalculatorApp;
				PRODUCT_NAME = "$(TARGET_NAME)";
				SWIFT_VERSION = 5.0;
				TARGETED_DEVICE_FAMILY = "1,2";
			};
			name = Debug;
		};
		CA2E564E255329580003B300 /* Release */ = {
			isa = XCBuildConfiguration;
			buildSettings = {
				ASSETCATALOG_COMPILER_APPICON_NAME = AppIcon;
				ASSETCATALOG_COMPILER_GLOBAL_ACCENT_COLOR_NAME = AccentColor;
				CODE_SIGN_STYLE = Automatic;
				DEVELOPMENT_TEAM = C4RFALAB5D;
				INFOPLIST_FILE = CalculatorApp/Info.plist;
				LD_RUNPATH_SEARCH_PATHS = (
					"$(inherited)",
					"@executable_path/Frameworks",
				);
				PRODUCT_BUNDLE_IDENTIFIER = com.brandonjenniges.CalculatorApp;
				PRODUCT_NAME = "$(TARGET_NAME)";
				SWIFT_VERSION = 5.0;
				TARGETED_DEVICE_FAMILY = "1,2";
			};
			name = Release;
		};
		CA2E5650255329580003B300 /* Debug */ = {
			isa = XCBuildConfiguration;
			buildSettings = {
				ALWAYS_EMBED_SWIFT_STANDARD_LIBRARIES = YES;
				BUNDLE_LOADER = "$(TEST_HOST)";
				CODE_SIGN_STYLE = Automatic;
				DEVELOPMENT_TEAM = C4RFALAB5D;
				INFOPLIST_FILE = CalculatorAppTests/Info.plist;
				IPHONEOS_DEPLOYMENT_TARGET = 14.0;
				LD_RUNPATH_SEARCH_PATHS = (
					"$(inherited)",
					"@executable_path/Frameworks",
					"@loader_path/Frameworks",
				);
				PRODUCT_BUNDLE_IDENTIFIER = com.brandonjenniges.CalculatorAppTests;
				PRODUCT_NAME = "$(TARGET_NAME)";
				SWIFT_VERSION = 5.0;
				TARGETED_DEVICE_FAMILY = "1,2";
				TEST_HOST = "$(BUILT_PRODUCTS_DIR)/CalculatorApp.app/CalculatorApp";
			};
			name = Debug;
		};
		CA2E5651255329580003B300 /* Release */ = {
			isa = XCBuildConfiguration;
			buildSettings = {
				ALWAYS_EMBED_SWIFT_STANDARD_LIBRARIES = YES;
				BUNDLE_LOADER = "$(TEST_HOST)";
				CODE_SIGN_STYLE = Automatic;
				DEVELOPMENT_TEAM = C4RFALAB5D;
				INFOPLIST_FILE = CalculatorAppTests/Info.plist;
				IPHONEOS_DEPLOYMENT_TARGET = 14.0;
				LD_RUNPATH_SEARCH_PATHS = (
					"$(inherited)",
					"@executable_path/Frameworks",
					"@loader_path/Frameworks",
				);
				PRODUCT_BUNDLE_IDENTIFIER = com.brandonjenniges.CalculatorAppTests;
				PRODUCT_NAME = "$(TARGET_NAME)";
				SWIFT_VERSION = 5.0;
				TARGETED_DEVICE_FAMILY = "1,2";
				TEST_HOST = "$(BUILT_PRODUCTS_DIR)/CalculatorApp.app/CalculatorApp";
			};
			name = Release;
		};
		CA2E5653255329580003B300 /* Debug */ = {
			isa = XCBuildConfiguration;
			buildSettings = {
				ALWAYS_EMBED_SWIFT_STANDARD_LIBRARIES = YES;
				CODE_SIGN_STYLE = Automatic;
				DEVELOPMENT_TEAM = C4RFALAB5D;
				INFOPLIST_FILE = CalculatorAppUITests/Info.plist;
				LD_RUNPATH_SEARCH_PATHS = (
					"$(inherited)",
					"@executable_path/Frameworks",
					"@loader_path/Frameworks",
				);
				PRODUCT_BUNDLE_IDENTIFIER = com.brandonjenniges.CalculatorAppUITests;
				PRODUCT_NAME = "$(TARGET_NAME)";
				SWIFT_VERSION = 5.0;
				TARGETED_DEVICE_FAMILY = "1,2";
				TEST_TARGET_NAME = CalculatorApp;
			};
			name = Debug;
		};
		CA2E5654255329580003B300 /* Release */ = {
			isa = XCBuildConfiguration;
			buildSettings = {
				ALWAYS_EMBED_SWIFT_STANDARD_LIBRARIES = YES;
				CODE_SIGN_STYLE = Automatic;
				DEVELOPMENT_TEAM = C4RFALAB5D;
				INFOPLIST_FILE = CalculatorAppUITests/Info.plist;
				LD_RUNPATH_SEARCH_PATHS = (
					"$(inherited)",
					"@executable_path/Frameworks",
					"@loader_path/Frameworks",
				);
				PRODUCT_BUNDLE_IDENTIFIER = com.brandonjenniges.CalculatorAppUITests;
				PRODUCT_NAME = "$(TARGET_NAME)";
				SWIFT_VERSION = 5.0;
				TARGETED_DEVICE_FAMILY = "1,2";
				TEST_TARGET_NAME = CalculatorApp;
			};
			name = Release;
		};
/* End XCBuildConfiguration section */

/* Begin XCConfigurationList section */
		CA2E561D255329550003B300 /* Build configuration list for PBXProject "CalculatorApp" */ = {
			isa = XCConfigurationList;
			buildConfigurations = (
				CA2E564A255329580003B300 /* Debug */,
				CA2E564B255329580003B300 /* Release */,
			);
			defaultConfigurationIsVisible = 0;
			defaultConfigurationName = Release;
		};
		CA2E564C255329580003B300 /* Build configuration list for PBXNativeTarget "CalculatorApp" */ = {
			isa = XCConfigurationList;
			buildConfigurations = (
				CA2E564D255329580003B300 /* Debug */,
				CA2E564E255329580003B300 /* Release */,
			);
			defaultConfigurationIsVisible = 0;
			defaultConfigurationName = Release;
		};
		CA2E564F255329580003B300 /* Build configuration list for PBXNativeTarget "CalculatorAppTests" */ = {
			isa = XCConfigurationList;
			buildConfigurations = (
				CA2E5650255329580003B300 /* Debug */,
				CA2E5651255329580003B300 /* Release */,
			);
			defaultConfigurationIsVisible = 0;
			defaultConfigurationName = Release;
		};
		CA2E5652255329580003B300 /* Build configuration list for PBXNativeTarget "CalculatorAppUITests" */ = {
			isa = XCConfigurationList;
			buildConfigurations = (
				CA2E5653255329580003B300 /* Debug */,
				CA2E5654255329580003B300 /* Release */,
			);
			defaultConfigurationIsVisible = 0;
			defaultConfigurationName = Release;
		};
/* End XCConfigurationList section */
	};
	rootObject = CA2E561A255329550003B300 /* Project object */;
}
